PODS:
  - ArcKit (1.0.3)
  - Cartography (1.1.0)
  - MGEvents (1.1.0)

DEPENDENCIES:
  - ArcKit
  - Cartography
  - MGEvents

SPEC REPOS:
  https://github.com/CocoaPods/Specs.git:
    - ArcKit
    - Cartography
    - MGEvents

SPEC CHECKSUMS:
  ArcKit: 8d16365b5b1e596daabaa3bc2364de683b55e0e4
  Cartography: 0538ccb4044acbbda2266335fc58cb4228794d90
  MGEvents: 04c4c5b49a420a4895c5bb676ccc708311176d14

PODFILE CHECKSUM: d7ef465bf71e763ea019a0fe12dcacf0d1907821

COCOAPODS: 1.5.0
